// !$*UTF8*$!
{
	archiveVersion = 1;
	classes = {
	};
	objectVersion = 46;
	objects = {

/* Begin PBXBuildFile section */
		253FEF44228DF21A00A59BB9 /* libcurl.framework in Frameworks */ = {isa = PBXBuildFile; fileRef = 253FEF43228DF21A00A59BB9 /* libcurl.framework */; };
		253FEF46228DF35200A59BB9 /* Security.framework in Frameworks */ = {isa = PBXBuildFile; fileRef = 253FEF45228DF35200A59BB9 /* Security.framework */; };
		253FEF49228DF36C00A59BB9 /* GSS.framework in Frameworks */ = {isa = PBXBuildFile; fileRef = 253FEF47228DF36B00A59BB9 /* GSS.framework */; };
		253FEF4A228DF36C00A59BB9 /* libgssapi_krb5.tbd in Frameworks */ = {isa = PBXBuildFile; fileRef = 253FEF48228DF36C00A59BB9 /* libgssapi_krb5.tbd */; };
		253FEF4C228DF3B800A59BB9 /* libz.1.2.11.tbd in Frameworks */ = {isa = PBXBuildFile; fileRef = 253FEF4B228DF3B800A59BB9 /* libz.1.2.11.tbd */; };
		254BE2B62279CBFD00D1DC25 /* Version.cpp in Sources */ = {isa = PBXBuildFile; fileRef = 25D6C0CA22779CC30080E8B3 /* Version.cpp */; };
		254BE2B72279D70400D1DC25 /* DataRefs.cpp in Sources */ = {isa = PBXBuildFile; fileRef = 25D6C0C72277965D0080E8B3 /* DataRefs.cpp */; };
		254CCAB322666C2A003878B1 /* SwitchLiveATC.cpp in Sources */ = {isa = PBXBuildFile; fileRef = 254CCAB222666C2A003878B1 /* SwitchLiveATC.cpp */; };
		255F2B88227A1C07003CAE65 /* mac.xpl in CopyFiles */ = {isa = PBXBuildFile; fileRef = D607B19909A556E400699BC3 /* mac.xpl */; };
		255F2B8B227A1E1A003CAE65 /* SettingsUI.cpp in Sources */ = {isa = PBXBuildFile; fileRef = 255F2B8A227A1E1A003CAE65 /* SettingsUI.cpp */; };
		25831F2E2258D08B002398D2 /* XPWidgets.framework in Frameworks */ = {isa = PBXBuildFile; fileRef = 25831F2C2258D08B002398D2 /* XPWidgets.framework */; };
		25831F2F2258D08B002398D2 /* XPLM.framework in Frameworks */ = {isa = PBXBuildFile; fileRef = 25831F2D2258D08B002398D2 /* XPLM.framework */; };
		25A1EFC2227CDFCA00F940E3 /* SLACOMChannel.cpp in Sources */ = {isa = PBXBuildFile; fileRef = 25A1EFC0227CDFCA00F940E3 /* SLACOMChannel.cpp */; };
		25C55C1B2278D00F0030D47D /* Utilities.cpp in Sources */ = {isa = PBXBuildFile; fileRef = 25C55C1A2278D00F0030D47D /* Utilities.cpp */; };
		25D6C0BF227792300080E8B3 /* TFWidgets.cpp in Sources */ = {isa = PBXBuildFile; fileRef = 25D6C0BD227792300080E8B3 /* TFWidgets.cpp */; };
		25D6C0C0227792300080E8B3 /* TextIO.cpp in Sources */ = {isa = PBXBuildFile; fileRef = 25D6C0BE227792300080E8B3 /* TextIO.cpp */; };
		D6A7BDAA16A1DEA200D1426A /* OpenGL.framework in Frameworks */ = {isa = PBXBuildFile; fileRef = D6A7BDA916A1DEA200D1426A /* OpenGL.framework */; };
		D6A7BDC116A1DEC000D1426A /* CoreFoundation.framework in Frameworks */ = {isa = PBXBuildFile; fileRef = D6A7BDC016A1DEC000D1426A /* CoreFoundation.framework */; };
/* End PBXBuildFile section */

/* Begin PBXCopyFilesBuildPhase section */
		2536421F22160948000DC56F /* CopyFiles */ = {
			isa = PBXCopyFilesBuildPhase;
			buildActionMask = 2147483647;
			dstPath = "/Users/birger/Applications/X-Plane 11/Resources/plugins/SwitchLiveATC/64";
			dstSubfolderSpec = 0;
			files = (
				255F2B88227A1C07003CAE65 /* mac.xpl in CopyFiles */,
			);
			runOnlyForDeploymentPostprocessing = 0;
		};
/* End PBXCopyFilesBuildPhase section */

/* Begin PBXFileReference section */
		253FEF42228B616400A59BB9 /* VLC_command_line_options.txt */ = {isa = PBXFileReference; lastKnownFileType = text; name = VLC_command_line_options.txt; path = Doc/VLC_command_line_options.txt; sourceTree = "<group>"; };
		253FEF43228DF21A00A59BB9 /* libcurl.framework */ = {isa = PBXFileReference; lastKnownFileType = wrapper.framework; name = libcurl.framework; path = "../../Frameworks-release/libcurl.framework"; sourceTree = "<group>"; };
		253FEF45228DF35200A59BB9 /* Security.framework */ = {isa = PBXFileReference; lastKnownFileType = wrapper.framework; name = Security.framework; path = System/Library/Frameworks/Security.framework; sourceTree = SDKROOT; };
		253FEF47228DF36B00A59BB9 /* GSS.framework */ = {isa = PBXFileReference; lastKnownFileType = wrapper.framework; name = GSS.framework; path = System/Library/Frameworks/GSS.framework; sourceTree = SDKROOT; };
		253FEF48228DF36C00A59BB9 /* libgssapi_krb5.tbd */ = {isa = PBXFileReference; lastKnownFileType = "sourcecode.text-based-dylib-definition"; name = libgssapi_krb5.tbd; path = usr/lib/libgssapi_krb5.tbd; sourceTree = SDKROOT; };
		253FEF4B228DF3B800A59BB9 /* libz.1.2.11.tbd */ = {isa = PBXFileReference; lastKnownFileType = "sourcecode.text-based-dylib-definition"; name = libz.1.2.11.tbd; path = usr/lib/libz.1.2.11.tbd; sourceTree = SDKROOT; };
		253FEF4D228F38CC00A59BB9 /* liveatc_search.html */ = {isa = PBXFileReference; lastKnownFileType = text.html; name = liveatc_search.html; path = Doc/liveatc_search.html; sourceTree = "<group>"; };
		254CCAB222666C2A003878B1 /* SwitchLiveATC.cpp */ = {isa = PBXFileReference; fileEncoding = 4; lastKnownFileType = sourcecode.cpp.cpp; path = SwitchLiveATC.cpp; sourceTree = "<group>"; };
		255F2B89227A1E12003CAE65 /* SettingsUI.h */ = {isa = PBXFileReference; lastKnownFileType = sourcecode.c.h; path = SettingsUI.h; sourceTree = "<group>"; };
		255F2B8A227A1E1A003CAE65 /* SettingsUI.cpp */ = {isa = PBXFileReference; fileEncoding = 4; lastKnownFileType = sourcecode.cpp.cpp; path = SettingsUI.cpp; sourceTree = "<group>"; };
		25831F2C2258D08B002398D2 /* XPWidgets.framework */ = {isa = PBXFileReference; lastKnownFileType = wrapper.framework; name = XPWidgets.framework; path = Lib/XPSDK301/Libraries/Mac/XPWidgets.framework; sourceTree = "<group>"; };
		25831F2D2258D08B002398D2 /* XPLM.framework */ = {isa = PBXFileReference; lastKnownFileType = wrapper.framework; name = XPLM.framework; path = Lib/XPSDK301/Libraries/Mac/XPLM.framework; sourceTree = "<group>"; };
		25A1EFBE227CDF5F00F940E3 /* SLACOMChannel.h */ = {isa = PBXFileReference; lastKnownFileType = sourcecode.c.h; path = SLACOMChannel.h; sourceTree = "<group>"; };
		25A1EFC0227CDFCA00F940E3 /* SLACOMChannel.cpp */ = {isa = PBXFileReference; fileEncoding = 4; lastKnownFileType = sourcecode.cpp.cpp; path = SLACOMChannel.cpp; sourceTree = "<group>"; };
		25C0C99F2288326100427E72 /* README.md */ = {isa = PBXFileReference; lastKnownFileType = net.daringfireball.markdown; path = README.md; sourceTree = "<group>"; };
		25C0C9A02288326100427E72 /* CMakeLists.txt */ = {isa = PBXFileReference; lastKnownFileType = text; path = CMakeLists.txt; sourceTree = "<group>"; };
		25C55C1A2278D00F0030D47D /* Utilities.cpp */ = {isa = PBXFileReference; lastKnownFileType = sourcecode.cpp.cpp; path = Utilities.cpp; sourceTree = "<group>"; };
		25C55C1C2278D0550030D47D /* Utilities.h */ = {isa = PBXFileReference; lastKnownFileType = sourcecode.c.h; path = Utilities.h; sourceTree = "<group>"; };
		25D6C0BB227792270080E8B3 /* TextIO.h */ = {isa = PBXFileReference; lastKnownFileType = sourcecode.c.h; path = TextIO.h; sourceTree = "<group>"; };
		25D6C0BC227792280080E8B3 /* TFWidgets.h */ = {isa = PBXFileReference; lastKnownFileType = sourcecode.c.h; path = TFWidgets.h; sourceTree = "<group>"; };
		25D6C0BD227792300080E8B3 /* TFWidgets.cpp */ = {isa = PBXFileReference; fileEncoding = 4; lastKnownFileType = sourcecode.cpp.cpp; path = TFWidgets.cpp; sourceTree = "<group>"; };
		25D6C0BE227792300080E8B3 /* TextIO.cpp */ = {isa = PBXFileReference; fileEncoding = 4; lastKnownFileType = sourcecode.cpp.cpp; path = TextIO.cpp; sourceTree = "<group>"; };
		25D6C0C1227792830080E8B3 /* Constants.h */ = {isa = PBXFileReference; lastKnownFileType = sourcecode.c.h; path = Constants.h; sourceTree = "<group>"; };
		25D6C0C52277941E0080E8B3 /* SwitchLiveATC.h */ = {isa = PBXFileReference; lastKnownFileType = sourcecode.c.h; path = SwitchLiveATC.h; sourceTree = "<group>"; };
		25D6C0C6227796540080E8B3 /* DataRefs.h */ = {isa = PBXFileReference; lastKnownFileType = sourcecode.c.h; path = DataRefs.h; sourceTree = "<group>"; };
		25D6C0C72277965D0080E8B3 /* DataRefs.cpp */ = {isa = PBXFileReference; lastKnownFileType = sourcecode.cpp.cpp; path = DataRefs.cpp; sourceTree = "<group>"; };
		25D6C0C9227796E10080E8B3 /* DataRefs.txt */ = {isa = PBXFileReference; lastKnownFileType = text; name = DataRefs.txt; path = "../../../Applications/X-Plane 10/Resources/plugins/DataRefs.txt"; sourceTree = "<group>"; };
		25D6C0CA22779CC30080E8B3 /* Version.cpp */ = {isa = PBXFileReference; lastKnownFileType = sourcecode.cpp.cpp; path = Version.cpp; sourceTree = "<group>"; };
		D607B19909A556E400699BC3 /* mac.xpl */ = {isa = PBXFileReference; explicitFileType = "compiled.mach-o.dylib"; includeInIndex = 0; path = mac.xpl; sourceTree = BUILT_PRODUCTS_DIR; };
		D6A7BDA916A1DEA200D1426A /* OpenGL.framework */ = {isa = PBXFileReference; lastKnownFileType = wrapper.framework; name = OpenGL.framework; path = System/Library/Frameworks/OpenGL.framework; sourceTree = SDKROOT; };
		D6A7BDC016A1DEC000D1426A /* CoreFoundation.framework */ = {isa = PBXFileReference; lastKnownFileType = wrapper.framework; name = CoreFoundation.framework; path = System/Library/Frameworks/CoreFoundation.framework; sourceTree = SDKROOT; };
/* End PBXFileReference section */

/* Begin PBXFrameworksBuildPhase section */
		D607B19709A556E400699BC3 /* Frameworks */ = {
			isa = PBXFrameworksBuildPhase;
			buildActionMask = 2147483647;
			files = (
				D6A7BDC116A1DEC000D1426A /* CoreFoundation.framework in Frameworks */,
				253FEF49228DF36C00A59BB9 /* GSS.framework in Frameworks */,
				253FEF4A228DF36C00A59BB9 /* libgssapi_krb5.tbd in Frameworks */,
				253FEF4C228DF3B800A59BB9 /* libz.1.2.11.tbd in Frameworks */,
				253FEF46228DF35200A59BB9 /* Security.framework in Frameworks */,
				253FEF44228DF21A00A59BB9 /* libcurl.framework in Frameworks */,
				D6A7BDAA16A1DEA200D1426A /* OpenGL.framework in Frameworks */,
				25831F2F2258D08B002398D2 /* XPLM.framework in Frameworks */,
				25831F2E2258D08B002398D2 /* XPWidgets.framework in Frameworks */,
			);
			runOnlyForDeploymentPostprocessing = 0;
		};
/* End PBXFrameworksBuildPhase section */

/* Begin PBXGroup section */
		25D6C0B9227791EC0080E8B3 /* Src */ = {
			isa = PBXGroup;
			children = (
				25D6C0C72277965D0080E8B3 /* DataRefs.cpp */,
				255F2B8A227A1E1A003CAE65 /* SettingsUI.cpp */,
				25A1EFC0227CDFCA00F940E3 /* SLACOMChannel.cpp */,
				254CCAB222666C2A003878B1 /* SwitchLiveATC.cpp */,
				25D6C0BE227792300080E8B3 /* TextIO.cpp */,
				25D6C0BD227792300080E8B3 /* TFWidgets.cpp */,
				25C55C1A2278D00F0030D47D /* Utilities.cpp */,
				25D6C0CA22779CC30080E8B3 /* Version.cpp */,
			);
			path = Src;
			sourceTree = "<group>";
		};
		25D6C0BA227791FD0080E8B3 /* Include */ = {
			isa = PBXGroup;
			children = (
				25D6C0C1227792830080E8B3 /* Constants.h */,
				25D6C0C6227796540080E8B3 /* DataRefs.h */,
				255F2B89227A1E12003CAE65 /* SettingsUI.h */,
				25A1EFBE227CDF5F00F940E3 /* SLACOMChannel.h */,
				25D6C0C52277941E0080E8B3 /* SwitchLiveATC.h */,
				25D6C0BB227792270080E8B3 /* TextIO.h */,
				25D6C0BC227792280080E8B3 /* TFWidgets.h */,
				25C55C1C2278D0550030D47D /* Utilities.h */,
			);
			path = Include;
			sourceTree = "<group>";
		};
		25D6C0C8227796BC0080E8B3 /* Links */ = {
			isa = PBXGroup;
			children = (
				253FEF4D228F38CC00A59BB9 /* liveatc_search.html */,
				253FEF42228B616400A59BB9 /* VLC_command_line_options.txt */,
				25D6C0C9227796E10080E8B3 /* DataRefs.txt */,
			);
			name = Links;
			sourceTree = "<group>";
		};
		D607B15F09A5563000699BC3 = {
			isa = PBXGroup;
			children = (
				25C0C9A02288326100427E72 /* CMakeLists.txt */,
				25C0C99F2288326100427E72 /* README.md */,
				25D6C0C8227796BC0080E8B3 /* Links */,
				25D6C0BA227791FD0080E8B3 /* Include */,
				25D6C0B9227791EC0080E8B3 /* Src */,
				D6A7BDAD16A1DEA700D1426A /* Frameworks */,
				D607B19A09A556E400699BC3 /* Products */,
			);
			sourceTree = "<group>";
		};
		D607B19A09A556E400699BC3 /* Products */ = {
			isa = PBXGroup;
			children = (
				D607B19909A556E400699BC3 /* mac.xpl */,
			);
			name = Products;
			sourceTree = "<group>";
		};
		D6A7BDAD16A1DEA700D1426A /* Frameworks */ = {
			isa = PBXGroup;
			children = (
				253FEF4B228DF3B800A59BB9 /* libz.1.2.11.tbd */,
				253FEF47228DF36B00A59BB9 /* GSS.framework */,
				253FEF48228DF36C00A59BB9 /* libgssapi_krb5.tbd */,
				253FEF45228DF35200A59BB9 /* Security.framework */,
				253FEF43228DF21A00A59BB9 /* libcurl.framework */,
				D6A7BDC016A1DEC000D1426A /* CoreFoundation.framework */,
				D6A7BDA916A1DEA200D1426A /* OpenGL.framework */,
				25831F2D2258D08B002398D2 /* XPLM.framework */,
				25831F2C2258D08B002398D2 /* XPWidgets.framework */,
			);
			name = Frameworks;
			sourceTree = "<group>";
		};
/* End PBXGroup section */

/* Begin PBXNativeTarget section */
		D607B19809A556E400699BC3 /* mac */ = {
			isa = PBXNativeTarget;
			buildConfigurationList = D607B19B09A556E400699BC3 /* Build configuration list for PBXNativeTarget "mac" */;
			buildPhases = (
				D607B19609A556E400699BC3 /* Sources */,
				D607B19709A556E400699BC3 /* Frameworks */,
				2536421F22160948000DC56F /* CopyFiles */,
			);
			buildRules = (
			);
			dependencies = (
			);
			name = mac;
			productName = StarterPlugin;
			productReference = D607B19909A556E400699BC3 /* mac.xpl */;
			productType = "com.apple.product-type.library.dynamic";
		};
/* End PBXNativeTarget section */

/* Begin PBXProject section */
		D607B16109A5563100699BC3 /* Project object */ = {
			isa = PBXProject;
			attributes = {
				LastUpgradeCheck = 1010;
			};
			buildConfigurationList = D607B16209A5563100699BC3 /* Build configuration list for PBXProject "SwitchLiveATC" */;
			compatibilityVersion = "Xcode 3.2";
			developmentRegion = en;
			hasScannedForEncodings = 0;
			knownRegions = (
				en,
				Base,
			);
			mainGroup = D607B15F09A5563000699BC3;
			productRefGroup = D607B19A09A556E400699BC3 /* Products */;
			projectDirPath = "";
			projectRoot = "";
			targets = (
				D607B19809A556E400699BC3 /* mac */,
			);
		};
/* End PBXProject section */

/* Begin PBXSourcesBuildPhase section */
		D607B19609A556E400699BC3 /* Sources */ = {
			isa = PBXSourcesBuildPhase;
			buildActionMask = 2147483647;
			files = (
				255F2B8B227A1E1A003CAE65 /* SettingsUI.cpp in Sources */,
				254CCAB322666C2A003878B1 /* SwitchLiveATC.cpp in Sources */,
				254BE2B62279CBFD00D1DC25 /* Version.cpp in Sources */,
				25D6C0BF227792300080E8B3 /* TFWidgets.cpp in Sources */,
				254BE2B72279D70400D1DC25 /* DataRefs.cpp in Sources */,
				25C55C1B2278D00F0030D47D /* Utilities.cpp in Sources */,
				25A1EFC2227CDFCA00F940E3 /* SLACOMChannel.cpp in Sources */,
				25D6C0C0227792300080E8B3 /* TextIO.cpp in Sources */,
			);
			runOnlyForDeploymentPostprocessing = 0;
		};
/* End PBXSourcesBuildPhase section */

/* Begin XCBuildConfiguration section */
		D607B16309A5563100699BC3 /* Debug */ = {
			isa = XCBuildConfiguration;
			buildSettings = {
				CLANG_ANALYZER_LOCALIZABILITY_NONLOCALIZED = YES;
				CLANG_CXX_LANGUAGE_STANDARD = "c++17";
				CLANG_CXX_LIBRARY = "libc++";
				CLANG_WARN_BLOCK_CAPTURE_AUTORELEASING = YES;
				CLANG_WARN_BOOL_CONVERSION = YES;
				CLANG_WARN_COMMA = YES;
				CLANG_WARN_CONSTANT_CONVERSION = YES;
				CLANG_WARN_DEPRECATED_OBJC_IMPLEMENTATIONS = YES;
				CLANG_WARN_EMPTY_BODY = YES;
				CLANG_WARN_ENUM_CONVERSION = YES;
				CLANG_WARN_INFINITE_RECURSION = YES;
				CLANG_WARN_INT_CONVERSION = YES;
				CLANG_WARN_NON_LITERAL_NULL_CONVERSION = YES;
				CLANG_WARN_OBJC_IMPLICIT_RETAIN_SELF = YES;
				CLANG_WARN_OBJC_LITERAL_CONVERSION = YES;
				CLANG_WARN_RANGE_LOOP_ANALYSIS = YES;
				CLANG_WARN_STRICT_PROTOTYPES = YES;
				CLANG_WARN_SUSPICIOUS_MOVE = YES;
				CLANG_WARN_UNREACHABLE_CODE = YES;
				CLANG_WARN__DUPLICATE_METHOD_MATCH = YES;
				COPY_PHASE_STRIP = NO;
				CURRENT_PROJECT_VERSION = 0.01;
				DEBUG_INFORMATION_FORMAT = dwarf;
				DSTROOT = "~/Applications/X-Plane 11/Resources/plugins/$(PROJECT_NAME)";
				DYLIB_COMPATIBILITY_VERSION = "";
				DYLIB_CURRENT_VERSION = "$(CURRENT_PROJECT_VERSION)";
				ENABLE_STRICT_OBJC_MSGSEND = YES;
				ENABLE_TESTABILITY = YES;
				EXECUTABLE_EXTENSION = xpl;
				FRAMEWORK_SEARCH_PATHS = (
					"$(XPSDK_ROOT)/Libraries/Mac",
					"../../Frameworks-debug",
				);
				GCC_C_LANGUAGE_STANDARD = c11;
				GCC_NO_COMMON_BLOCKS = YES;
				GCC_OPTIMIZATION_LEVEL = 0;
				GCC_PRECOMPILE_PREFIX_HEADER = YES;
				GCC_PREFIX_HEADER = Include/SwitchLiveATC.h;
				GCC_PREPROCESSOR_DEFINITIONS = (
					"APL=1",
					"IBM=0",
					"LIN=0",
					"XPLM200=1",
					"XPLM210=1",
					"CURL_STATICLIB=1",
					"DEBUG=1",
				);
				GCC_SYMBOLS_PRIVATE_EXTERN = YES;
				GCC_VERSION = "";
				GCC_WARN_64_TO_32_BIT_CONVERSION = YES;
				GCC_WARN_ABOUT_RETURN_TYPE = YES;
				GCC_WARN_UNDECLARED_SELECTOR = YES;
				GCC_WARN_UNINITIALIZED_AUTOS = YES;
				GCC_WARN_UNUSED_FUNCTION = YES;
				GCC_WARN_UNUSED_VARIABLE = YES;
				HEADER_SEARCH_PATHS = (
					Include,
					"$(XPSDK_ROOT)/CHeaders/Widgets",
					"$(XPSDK_ROOT)/CHeaders/XPLM",
					"$(HEADER_SEARCH_PATHS)",
				);
				INSTALL_PATH = 64;
				MACH_O_TYPE = mh_dylib;
				MACOSX_DEPLOYMENT_TARGET = 10.9;
				ONLY_ACTIVE_ARCH = YES;
				OTHER_LDFLAGS = (
					"$(OTHER_LDFLAGS)",
					"-Wl,-exported_symbol",
					"-Wl,_XPluginStart",
					"-Wl,-exported_symbol",
					"-Wl,_XPluginEnable",
					"-Wl,-exported_symbol",
					"-Wl,_XPluginReceiveMessage",
					"-Wl,-exported_symbol",
					"-Wl,_XPluginDisable",
					"-Wl,-exported_symbol",
					"-Wl,_XPluginStop",
				);
				PRODUCT_BUNDLE_IDENTIFIER = TwinFan.plugin.SwitchLiveATC;
				PRODUCT_MODULE_NAME = mac;
				PRODUCT_NAME = mac;
				SDKROOT = macosx;
				XPSDK_ROOT = Lib/XPSDK301;
			};
			name = Debug;
		};
		D607B16409A5563100699BC3 /* Release */ = {
			isa = XCBuildConfiguration;
			buildSettings = {
				CLANG_ANALYZER_LOCALIZABILITY_NONLOCALIZED = YES;
				CLANG_CXX_LANGUAGE_STANDARD = "c++17";
				CLANG_CXX_LIBRARY = "libc++";
				CLANG_WARN_BLOCK_CAPTURE_AUTORELEASING = YES;
				CLANG_WARN_BOOL_CONVERSION = YES;
				CLANG_WARN_COMMA = YES;
				CLANG_WARN_CONSTANT_CONVERSION = YES;
				CLANG_WARN_DEPRECATED_OBJC_IMPLEMENTATIONS = YES;
				CLANG_WARN_EMPTY_BODY = YES;
				CLANG_WARN_ENUM_CONVERSION = YES;
				CLANG_WARN_INFINITE_RECURSION = YES;
				CLANG_WARN_INT_CONVERSION = YES;
				CLANG_WARN_NON_LITERAL_NULL_CONVERSION = YES;
				CLANG_WARN_OBJC_IMPLICIT_RETAIN_SELF = YES;
				CLANG_WARN_OBJC_LITERAL_CONVERSION = YES;
				CLANG_WARN_RANGE_LOOP_ANALYSIS = YES;
				CLANG_WARN_STRICT_PROTOTYPES = YES;
				CLANG_WARN_SUSPICIOUS_MOVE = YES;
				CLANG_WARN_UNREACHABLE_CODE = YES;
				CLANG_WARN__DUPLICATE_METHOD_MATCH = YES;
				CURRENT_PROJECT_VERSION = 0.01;
				DEBUG_INFORMATION_FORMAT = "dwarf-with-dsym";
				DSTROOT = "~/Applications/X-Plane 11/Resources/plugins/$(PROJECT_NAME)";
				DYLIB_COMPATIBILITY_VERSION = "";
				DYLIB_CURRENT_VERSION = "$(CURRENT_PROJECT_VERSION)";
				ENABLE_STRICT_OBJC_MSGSEND = YES;
				EXECUTABLE_EXTENSION = xpl;
				FRAMEWORK_SEARCH_PATHS = (
					"$(XPSDK_ROOT)/Libraries/Mac",
					"../../Frameworks-release",
				);
				GCC_C_LANGUAGE_STANDARD = c11;
				GCC_GENERATE_DEBUGGING_SYMBOLS = NO;
				GCC_NO_COMMON_BLOCKS = YES;
				GCC_PRECOMPILE_PREFIX_HEADER = YES;
				GCC_PREFIX_HEADER = Include/SwitchLiveATC.h;
				GCC_PREPROCESSOR_DEFINITIONS = (
					"APL=1",
					"IBM=0",
					"LIN=0",
					"XPLM200=1",
					"XPLM210=1",
					"CURL_STATICLIB=1",
				);
				GCC_SYMBOLS_PRIVATE_EXTERN = YES;
				GCC_VERSION = "";
				GCC_WARN_64_TO_32_BIT_CONVERSION = YES;
				GCC_WARN_ABOUT_RETURN_TYPE = YES;
				GCC_WARN_UNDECLARED_SELECTOR = YES;
				GCC_WARN_UNINITIALIZED_AUTOS = YES;
				GCC_WARN_UNUSED_FUNCTION = YES;
				GCC_WARN_UNUSED_VARIABLE = YES;
				HEADER_SEARCH_PATHS = (
					Include,
					"$(XPSDK_ROOT)/CHeaders/Widgets",
					"$(XPSDK_ROOT)/CHeaders/XPLM",
					"$(HEADER_SEARCH_PATHS)",
				);
				INSTALL_PATH = 64;
				LLVM_LTO = YES;
				MACH_O_TYPE = mh_dylib;
				MACOSX_DEPLOYMENT_TARGET = 10.9;
				OTHER_LDFLAGS = (
					"$(OTHER_LDFLAGS)",
					"-Wl,-exported_symbol",
					"-Wl,_XPluginStart",
					"-Wl,-exported_symbol",
					"-Wl,_XPluginEnable",
					"-Wl,-exported_symbol",
					"-Wl,_XPluginReceiveMessage",
					"-Wl,-exported_symbol",
					"-Wl,_XPluginDisable",
					"-Wl,-exported_symbol",
					"-Wl,_XPluginStop",
				);
				PRODUCT_BUNDLE_IDENTIFIER = TwinFan.plugin.SwitchLiveATC;
				PRODUCT_MODULE_NAME = mac;
				PRODUCT_NAME = mac;
				SDKROOT = macosx;
				XPSDK_ROOT = Lib/XPSDK301;
			};
			name = Release;
		};
		D607B19C09A556E400699BC3 /* Debug */ = {
			isa = XCBuildConfiguration;
			buildSettings = {
				ALWAYS_SEARCH_USER_PATHS = NO;
				CLANG_ENABLE_OBJC_WEAK = YES;
				FRAMEWORK_SEARCH_PATHS = (
					"$(inherited)",
					"$(PROJECT_DIR)/Lib/XPSDK301/Libraries/Mac",
				);
				VALID_ARCHS = x86_64;
			};
			name = Debug;
		};
		D607B19D09A556E400699BC3 /* Release */ = {
			isa = XCBuildConfiguration;
			buildSettings = {
				ALWAYS_SEARCH_USER_PATHS = NO;
				CLANG_ENABLE_OBJC_WEAK = YES;
				FRAMEWORK_SEARCH_PATHS = (
					"$(inherited)",
					"$(PROJECT_DIR)/Lib/XPSDK301/Libraries/Mac",
				);
				VALID_ARCHS = x86_64;
			};
			name = Release;
		};
/* End XCBuildConfiguration section */

/* Begin XCConfigurationList section */
		D607B16209A5563100699BC3 /* Build configuration list for PBXProject "SwitchLiveATC" */ = {
			isa = XCConfigurationList;
			buildConfigurations = (
				D607B16309A5563100699BC3 /* Debug */,
				D607B16409A5563100699BC3 /* Release */,
			);
			defaultConfigurationIsVisible = 0;
			defaultConfigurationName = Release;
		};
		D607B19B09A556E400699BC3 /* Build configuration list for PBXNativeTarget "mac" */ = {
			isa = XCConfigurationList;
			buildConfigurations = (
				D607B19C09A556E400699BC3 /* Debug */,
				D607B19D09A556E400699BC3 /* Release */,
			);
			defaultConfigurationIsVisible = 0;
			defaultConfigurationName = Release;
		};
/* End XCConfigurationList section */
	};
	rootObject = D607B16109A5563100699BC3 /* Project object */;
}
